
Microsoft Visual Studio Solution File, Format Version 12.00
# Visual Studio Version 17
VisualStudioVersion = 17.11.35222.181
MinimumVisualStudioVersion = 10.0.40219.1
Project("{9A19103F-16F7-4668-BE54-9A1E7A4F7556}") = "PlaywrightTests", "PlaywrightTests.csproj", "{E0EEA948-CE11-460F-BFCA-6970AC89A5E4}"
EndProject
Global
	GlobalSection(SolutionConfigurationPlatforms) = preSolution
		Debug|Any CPU = Debug|Any CPU
		Release|Any CPU = Release|Any CPU
	EndGlobalSection
	GlobalSection(ProjectConfigurationPlatforms) = postSolution
		{E0EEA948-CE11-460F-BFCA-6970AC89A5E4}.Debug|Any CPU.ActiveCfg = Debug|Any CPU
		{E0EEA948-CE11-460F-BFCA-6970AC89A5E4}.Debug|Any CPU.Build.0 = Debug|Any CPU
		{E0EEA948-CE11-460F-BFCA-6970AC89A5E4}.Release|Any CPU.ActiveCfg = Release|Any CPU
		{E0EEA948-CE11-460F-BFCA-6970AC89A5E4}.Release|Any CPU.Build.0 = Release|Any CPU
	EndGlobalSection
	GlobalSection(SolutionProperties) = preSolution
		HideSolutionNode = FALSE
	EndGlobalSection
	GlobalSection(ExtensibilityGlobals) = postSolution
		SolutionGuid = {A8E7A74A-ACBE-4759-9FA3-A85A2880A6DD}
	EndGlobalSection
EndGlobal
